
Microsoft Visual Studio Solution File, Format Version 12.00
# Visual Studio Version 16
VisualStudioVersion = 16.0.30320.27
MinimumVisualStudioVersion = 10.0.40219.1
Project("{FAE04EC0-301F-11D3-BF4B-00C04F79EFBC}") = "Test", "Test\Test.csproj", "{53BC9D80-7EF6-4BC7-943F-3FB01CCD7B09}"
EndProject
Global
	GlobalSection(SolutionConfigurationPlatforms) = preSolution
		Debug|Any CPU = Debug|Any CPU
		Release|Any CPU = Release|Any CPU
	EndGlobalSection
	GlobalSection(ProjectConfigurationPlatforms) = postSolution
		{53BC9D80-7EF6-4BC7-943F-3FB01CCD7B09}.Debug|Any CPU.ActiveCfg = Debug|Any CPU
		{53BC9D80-7EF6-4BC7-943F-3FB01CCD7B09}.Debug|Any CPU.Build.0 = Debug|Any CPU
		{53BC9D80-7EF6-4BC7-943F-3FB01CCD7B09}.Release|Any CPU.ActiveCfg = Release|Any CPU
		{53BC9D80-7EF6-4BC7-943F-3FB01CCD7B09}.Release|Any CPU.Build.0 = Release|Any CPU
	EndGlobalSection
	GlobalSection(SolutionProperties) = preSolution
		HideSolutionNode = FALSE
	EndGlobalSection
	GlobalSection(ExtensibilityGlobals) = postSolution
		SolutionGuid = {A4685772-0F52-4E0D-8CB3-E2C44A58D0B5}
	EndGlobalSection
EndGlobal
